<?xml version="1.0" encoding="utf-8"?>
<Project ToolsVersion="4.0" xmlns="http://schemas.microsoft.com/developer/msbuild/2003">
  <ItemGroup>
    <Filter Include="Source files">
      <UniqueIdentifier>{56b7bb77-2d2f-4e32-a403-064d7096b339}</UniqueIdentifier>
      <Extensions>cpp;c;cc;cxx;def;odl;idl;hpj;bat;asm;asmx</Extensions>
    </Filter>
    <Filter Include="Header files">
      <UniqueIdentifier>{301af6f7-362e-4516-9e42-ac7348862f9c}</UniqueIdentifier>
      <Extensions>h;hpp;hxx;hm;inl;inc;xsd</Extensions>
    </Filter>
    <Filter Include="Resource files">
      <UniqueIdentifier>{12f56db5-8c46-4109-82b0-afde3dc61054}</UniqueIdentifier>
      <Extensions>rc;ico;cur;bmp;dlg;rc2;rct;bin;rgs;gif;jpg;jpeg;jpe;resx;tiff;tif;png;wav</Extensions>
    </Filter>
    <Filter Include="Source files\Core">
      <UniqueIdentifier>{7ee33c47-afd2-41ba-b99d-e6743f1f1f5d}</UniqueIdentifier>
    </Filter>
    <Filter Include="Source files\Core\Inc">
      <UniqueIdentifier>{fe44f2b2-ccce-4e40-a4bf-15d980a89b2b}</UniqueIdentifier>
    </Filter>
    <Filter Include="Source files\Core\Src">
      <UniqueIdentifier>{e6ff81eb-d72d-401c-b3c4-5e7a2285536a}</UniqueIdentifier>
    </Filter>
    <Filter Include="Source files\Core\Startup">
      <UniqueIdentifier>{980730ab-daee-42ea-ab02-e918092a54b6}</UniqueIdentifier>
    </Filter>
    <Filter Include="Source files\Middlewares">
      <UniqueIdentifier>{9404436b-9e3a-41df-a3a4-b36136f9e5c4}</UniqueIdentifier>
    </Filter>
    <Filter Include="Source files\Middlewares\ST">
      <UniqueIdentifier>{50e21501-7c1e-49a5-9ec4-8000bf055503}</UniqueIdentifier>
    </Filter>
    <Filter Include="Source files\Middlewares\ST\STM32_USB_Device_Library">
      <UniqueIdentifier>{e9cb18e3-52e8-4fb8-8aec-a4142be2f564}</UniqueIdentifier>
    </Filter>
    <Filter Include="Source files\Middlewares\ST\STM32_USB_Device_Library\Class">
      <UniqueIdentifier>{bd8fd3ee-47d3-41f0-91a2-ff8231fe864e}</UniqueIdentifier>
    </Filter>
    <Filter Include="Source files\Middlewares\ST\STM32_USB_Device_Library\Class\CDC">
      <UniqueIdentifier>{1070d813-6f07-4551-bd96-00b9055ca082}</UniqueIdentifier>
    </Filter>
    <Filter Include="Source files\Middlewares\ST\STM32_USB_Device_Library\Class\CDC\Inc">
      <UniqueIdentifier>{7307386a-1813-47d6-bbde-7625977624ad}</UniqueIdentifier>
    </Filter>
    <Filter Include="Source files\Middlewares\ST\STM32_USB_Device_Library\Class\CDC\Src">
      <UniqueIdentifier>{2d09386b-0b2b-4c62-a581-28c98580fdbc}</UniqueIdentifier>
    </Filter>
    <Filter Include="Source files\Middlewares\ST\STM32_USB_Device_Library\Core">
      <UniqueIdentifier>{5ab3cae3-f932-4a95-a72f-cd408a052c0d}</UniqueIdentifier>
    </Filter>
    <Filter Include="Source files\Middlewares\ST\STM32_USB_Device_Library\Core\Inc">
      <UniqueIdentifier>{6680c618-008d-4d0a-a39a-9453ce5914fa}</UniqueIdentifier>
    </Filter>
    <Filter Include="Source files\Middlewares\ST\STM32_USB_Device_Library\Core\Src">
      <UniqueIdentifier>{20a86dd8-e9a1-458b-9cfb-c5184cf01f1b}</UniqueIdentifier>
    </Filter>
    <Filter Include="Source files\Middlewares\Third_Party">
      <UniqueIdentifier>{68ed1688-dbf2-46af-8506-d8e38a3a89bb}</UniqueIdentifier>
    </Filter>
    <Filter Include="Source files\Middlewares\Third_Party\FreeRTOS">
      <UniqueIdentifier>{f7816a1c-4a42-43a8-893d-6003544005d5}</UniqueIdentifier>
    </Filter>
    <Filter Include="Source files\Middlewares\Third_Party\FreeRTOS\Source">
      <UniqueIdentifier>{1e4ce0c5-eeb1-4d4c-94ec-440d66297365}</UniqueIdentifier>
    </Filter>
    <Filter Include="Source files\Middlewares\Third_Party\FreeRTOS\Source\CMSIS_RTOS_V2">
      <UniqueIdentifier>{2db13db6-9a86-43f9-9aa1-1b6c543d4c6c}</UniqueIdentifier>
    </Filter>
    <Filter Include="Source files\Middlewares\Third_Party\FreeRTOS\Source\include">
      <UniqueIdentifier>{67f05276-a4e0-4f4b-8315-2cbba0e7a255}</UniqueIdentifier>
    </Filter>
    <Filter Include="Source files\Middlewares\Third_Party\FreeRTOS\Source\portable">
      <UniqueIdentifier>{69febdf5-d5df-483e-9423-6e6037ab4a38}</UniqueIdentifier>
    </Filter>
    <Filter Include="Source files\Middlewares\Third_Party\FreeRTOS\Source\portable\GCC">
      <UniqueIdentifier>{e75b036d-8065-4add-a5c2-910be15bfd6e}</UniqueIdentifier>
    </Filter>
    <Filter Include="Source files\Middlewares\Third_Party\FreeRTOS\Source\portable\GCC\ARM_CM4F">
      <UniqueIdentifier>{61a075fd-4ea6-4a9a-aadd-3ef546b2a28c}</UniqueIdentifier>
    </Filter>
    <Filter Include="Source files\Middlewares\Third_Party\FreeRTOS\Source\portable\MemMang">
      <UniqueIdentifier>{2d4f18ec-e759-479d-bab6-ce33afc359e0}</UniqueIdentifier>
    </Filter>
    <Filter Include="Source files\Drivers">
      <UniqueIdentifier>{5fa87c59-0f92-48c6-99e4-c3a7e510cdde}</UniqueIdentifier>
    </Filter>
    <Filter Include="Source files\Drivers\CMSIS">
      <UniqueIdentifier>{6ea43d94-0728-4552-9907-a6559eb59e62}</UniqueIdentifier>
    </Filter>
    <Filter Include="Source files\Drivers\CMSIS\Device">
      <UniqueIdentifier>{80a09301-8a13-4a19-b2a2-19c4bfa64200}</UniqueIdentifier>
    </Filter>
    <Filter Include="Source files\Drivers\CMSIS\Device\ST">
      <UniqueIdentifier>{9751b5c9-6be2-4f30-8c9f-0fa9f7c84c0f}</UniqueIdentifier>
    </Filter>
    <Filter Include="Source files\Drivers\CMSIS\Device\ST\STM32F4xx">
      <UniqueIdentifier>{ae513ff3-949e-4670-930d-0e8167c2fc1e}</UniqueIdentifier>
    </Filter>
    <Filter Include="Source files\Drivers\CMSIS\Device\ST\STM32F4xx\Include">
      <UniqueIdentifier>{5a553413-934f-4aad-a156-a1369d79ae6a}</UniqueIdentifier>
    </Filter>
    <Filter Include="Source files\Drivers\CMSIS\Include">
      <UniqueIdentifier>{63b8eb1d-8452-4205-af23-8775379801db}</UniqueIdentifier>
    </Filter>
    <Filter Include="Source files\Drivers\STM32F4xx_HAL_Driver">
      <UniqueIdentifier>{5378b8fb-6977-4d84-8fb4-0b7bf1f2272d}</UniqueIdentifier>
    </Filter>
    <Filter Include="Source files\Drivers\STM32F4xx_HAL_Driver\Inc">
      <UniqueIdentifier>{9fe4cd46-6878-48c7-bbb2-3d1a865ef572}</UniqueIdentifier>
    </Filter>
    <Filter Include="Source files\Drivers\STM32F4xx_HAL_Driver\Inc\Legacy">
      <UniqueIdentifier>{73635b97-5c16-4aef-b8f8-183404e83f09}</UniqueIdentifier>
    </Filter>
    <Filter Include="Source files\Drivers\STM32F4xx_HAL_Driver\Src">
      <UniqueIdentifier>{c50a4617-2891-4dd3-b544-8a09fa7df3bd}</UniqueIdentifier>
    </Filter>
    <Filter Include="Source files\USB_DEVICE">
      <UniqueIdentifier>{4c22d969-a68a-4025-a826-26ab22bda12e}</UniqueIdentifier>
    </Filter>
    <Filter Include="Source files\USB_DEVICE\App">
      <UniqueIdentifier>{e92e9dd2-3d8b-4440-9011-dcef7cbdf8ff}</UniqueIdentifier>
    </Filter>
    <Filter Include="Source files\USB_DEVICE\Target">
      <UniqueIdentifier>{be015b10-3526-4eca-89a5-83de3a75018d}</UniqueIdentifier>
    </Filter>
    <Filter Include="Source files\Device-specific files">
      <UniqueIdentifier>{2de104d6-ad9b-47ad-a384-e9f7cd219f85}</UniqueIdentifier>
    </Filter>
    <Filter Include="Header files\Core">
      <UniqueIdentifier>{807980e4-2693-4b60-ae48-35c72d68e6cc}</UniqueIdentifier>
    </Filter>
    <Filter Include="Header files\Core\Inc">
      <UniqueIdentifier>{b04013e6-2d54-4b83-96e9-fffb2a636e52}</UniqueIdentifier>
    </Filter>
    <Filter Include="Header files\Core\Src">
      <UniqueIdentifier>{70afeab3-a148-4546-a8f0-e12673cb457c}</UniqueIdentifier>
    </Filter>
    <Filter Include="Header files\Core\Startup">
      <UniqueIdentifier>{1b4f138e-3087-4093-be0e-68fc035923f4}</UniqueIdentifier>
    </Filter>
    <Filter Include="Header files\Middlewares">
      <UniqueIdentifier>{ec6e9163-534c-49a7-b20f-109abd2985be}</UniqueIdentifier>
    </Filter>
    <Filter Include="Header files\Middlewares\ST">
      <UniqueIdentifier>{af6faa45-2f18-4fc9-a355-4684726413eb}</UniqueIdentifier>
    </Filter>
    <Filter Include="Header files\Middlewares\ST\STM32_USB_Device_Library">
      <UniqueIdentifier>{9e50f197-4d24-4604-9a21-7bb3471c0e6f}</UniqueIdentifier>
    </Filter>
    <Filter Include="Header files\Middlewares\ST\STM32_USB_Device_Library\Class">
      <UniqueIdentifier>{f8f79e09-9acc-45ec-901f-74e66b77f170}</UniqueIdentifier>
    </Filter>
    <Filter Include="Header files\Middlewares\ST\STM32_USB_Device_Library\Class\CDC">
      <UniqueIdentifier>{58addf72-79a8-43e6-aec9-1a41d00c26d0}</UniqueIdentifier>
    </Filter>
    <Filter Include="Header files\Middlewares\ST\STM32_USB_Device_Library\Class\CDC\Inc">
      <UniqueIdentifier>{21f9564c-55bd-492b-9b05-c660561777bf}</UniqueIdentifier>
    </Filter>
    <Filter Include="Header files\Middlewares\ST\STM32_USB_Device_Library\Class\CDC\Src">
      <UniqueIdentifier>{12ae9dc5-ffd6-48f5-98dd-1566733e4811}</UniqueIdentifier>
    </Filter>
    <Filter Include="Header files\Middlewares\ST\STM32_USB_Device_Library\Core">
      <UniqueIdentifier>{182144be-4db4-4062-957a-8b17c31bdf47}</UniqueIdentifier>
    </Filter>
    <Filter Include="Header files\Middlewares\ST\STM32_USB_Device_Library\Core\Inc">
      <UniqueIdentifier>{bdd3ff88-8678-48d9-9f07-455d8653793d}</UniqueIdentifier>
    </Filter>
    <Filter Include="Header files\Middlewares\ST\STM32_USB_Device_Library\Core\Src">
      <UniqueIdentifier>{6d93f252-9ef8-44ea-b6c5-3b6e342ad616}</UniqueIdentifier>
    </Filter>
    <Filter Include="Header files\Middlewares\Third_Party">
      <UniqueIdentifier>{6cd5b48c-1358-448a-b6d5-1a71f5bac841}</UniqueIdentifier>
    </Filter>
    <Filter Include="Header files\Middlewares\Third_Party\FreeRTOS">
      <UniqueIdentifier>{0c89cee4-3aef-4481-bbea-161ba279eed3}</UniqueIdentifier>
    </Filter>
    <Filter Include="Header files\Middlewares\Third_Party\FreeRTOS\Source">
      <UniqueIdentifier>{50ca924e-69ca-483f-b4e5-cdac0f7a05a8}</UniqueIdentifier>
    </Filter>
    <Filter Include="Header files\Middlewares\Third_Party\FreeRTOS\Source\CMSIS_RTOS_V2">
      <UniqueIdentifier>{b964dbec-0ba9-4f83-986a-ed5c624eabc9}</UniqueIdentifier>
    </Filter>
    <Filter Include="Header files\Middlewares\Third_Party\FreeRTOS\Source\include">
      <UniqueIdentifier>{a71ff04c-b454-4a61-a5b1-146be07fe576}</UniqueIdentifier>
    </Filter>
    <Filter Include="Header files\Middlewares\Third_Party\FreeRTOS\Source\portable">
      <UniqueIdentifier>{c3c9d15b-06db-40fe-a568-49c3640fb9b2}</UniqueIdentifier>
    </Filter>
    <Filter Include="Header files\Middlewares\Third_Party\FreeRTOS\Source\portable\GCC">
      <UniqueIdentifier>{8cc7726a-2a75-4f23-a539-068c1392fbb5}</UniqueIdentifier>
    </Filter>
    <Filter Include="Header files\Middlewares\Third_Party\FreeRTOS\Source\portable\GCC\ARM_CM4F">
      <UniqueIdentifier>{658c0638-a7d6-4860-9767-b8e31ccb2ebe}</UniqueIdentifier>
    </Filter>
    <Filter Include="Header files\Middlewares\Third_Party\FreeRTOS\Source\portable\MemMang">
      <UniqueIdentifier>{986d6ec8-1701-439d-b255-1d29cf5f03b5}</UniqueIdentifier>
    </Filter>
    <Filter Include="Header files\Drivers">
      <UniqueIdentifier>{842d7deb-cc96-424e-a935-5c31f91209dc}</UniqueIdentifier>
    </Filter>
    <Filter Include="Header files\Drivers\CMSIS">
      <UniqueIdentifier>{22c7b9fb-3472-4641-9531-fb93ea0cb30d}</UniqueIdentifier>
    </Filter>
    <Filter Include="Header files\Drivers\CMSIS\Device">
      <UniqueIdentifier>{16089071-c9c1-415d-b607-70bfbd8f023b}</UniqueIdentifier>
    </Filter>
    <Filter Include="Header files\Drivers\CMSIS\Device\ST">
      <UniqueIdentifier>{d6af795b-7caa-4100-aca2-4a95b44f3cda}</UniqueIdentifier>
    </Filter>
    <Filter Include="Header files\Drivers\CMSIS\Device\ST\STM32F4xx">
      <UniqueIdentifier>{abd3a433-7a89-4b94-9d03-3d6506428a0b}</UniqueIdentifier>
    </Filter>
    <Filter Include="Header files\Drivers\CMSIS\Device\ST\STM32F4xx\Include">
      <UniqueIdentifier>{6d2a8b24-051a-4df2-bc9c-7556ba7f1883}</UniqueIdentifier>
    </Filter>
    <Filter Include="Header files\Drivers\CMSIS\Include">
      <UniqueIdentifier>{d9cf16bd-43dd-4ed4-b6e5-4acaaef2e07b}</UniqueIdentifier>
    </Filter>
    <Filter Include="Header files\Drivers\STM32F4xx_HAL_Driver">
      <UniqueIdentifier>{1e2625a2-0065-498b-a5ac-41caaee3bd88}</UniqueIdentifier>
    </Filter>
    <Filter Include="Header files\Drivers\STM32F4xx_HAL_Driver\Inc">
      <UniqueIdentifier>{2c344242-8dfa-4626-9a3d-ffafe741e011}</UniqueIdentifier>
    </Filter>
    <Filter Include="Header files\Drivers\STM32F4xx_HAL_Driver\Inc\Legacy">
      <UniqueIdentifier>{6ab0d8d8-5dd4-45a1-aafa-4871709d462e}</UniqueIdentifier>
    </Filter>
    <Filter Include="Header files\Drivers\STM32F4xx_HAL_Driver\Src">
      <UniqueIdentifier>{7e58716d-5fbf-4a0f-9a0d-00f024e95732}</UniqueIdentifier>
    </Filter>
    <Filter Include="Header files\USB_DEVICE">
      <UniqueIdentifier>{06fa7003-2ef2-4c20-a9aa-700a98694c7d}</UniqueIdentifier>
    </Filter>
    <Filter Include="Header files\USB_DEVICE\App">
      <UniqueIdentifier>{6bc38e24-21d5-4f47-8bd6-1a1d4bf47a36}</UniqueIdentifier>
    </Filter>
    <Filter Include="Header files\USB_DEVICE\Target">
      <UniqueIdentifier>{d51e72c6-fed7-40ce-ab17-af09f43407e1}</UniqueIdentifier>
    </Filter>
    <Filter Include="Header files\Device-specific files">
      <UniqueIdentifier>{e70c09ca-2423-4dd1-84d3-38900fecef9f}</UniqueIdentifier>
    </Filter>
    <Filter Include="VisualGDB settings">
      <UniqueIdentifier>{be0452e4-bd86-4694-ae44-5c1837f9957d}</UniqueIdentifier>
    </Filter>
  </ItemGroup>
  <ItemGroup>
    <ClInclude Include="..\Core\Inc\adj_date.h">
      <Filter>Source files\Core\Inc</Filter>
    </ClInclude>
    <ClInclude Include="..\Core\Inc\bcd_util.h">
      <Filter>Source files\Core\Inc</Filter>
    </ClInclude>
    <ClInclude Include="..\Core\Inc\eeprom.h">
      <Filter>Source files\Core\Inc</Filter>
    </ClInclude>
    <ClInclude Include="..\Core\Inc\FreeRTOSConfig.h">
      <Filter>Source files\Core\Inc</Filter>
    </ClInclude>
    <ClInclude Include="..\Core\Inc\i2c_wrapper.h">
      <Filter>Source files\Core\Inc</Filter>
    </ClInclude>
    <ClInclude Include="..\Core\Inc\main.h">
      <Filter>Source files\Core\Inc</Filter>
    </ClInclude>
    <ClInclude Include="..\Core\Inc\misc.h">
      <Filter>Source files\Core\Inc</Filter>
    </ClInclude>
    <ClInclude Include="..\Core\Inc\nmea.h">
      <Filter>Source files\Core\Inc</Filter>
    </ClInclude>
    <ClInclude Include="..\Core\Inc\pcf8563.h">
      <Filter>Source files\Core\Inc</Filter>
    </ClInclude>
    <ClInclude Include="..\Core\Inc\ring_buffer.h">
      <Filter>Source files\Core\Inc</Filter>
    </ClInclude>
    <ClInclude Include="..\Core\Inc\rtc_sync.h">
      <Filter>Source files\Core\Inc</Filter>
    </ClInclude>
    <ClInclude Include="..\Core\Inc\seven_segment.h">
      <Filter>Source files\Core\Inc</Filter>
    </ClInclude>
    <ClInclude Include="..\Core\Inc\splash.h">
      <Filter>Source files\Core\Inc</Filter>
    </ClInclude>
    <ClInclude Include="..\Core\Inc\ssd1306.h">
      <Filter>Source files\Core\Inc</Filter>
    </ClInclude>
    <ClInclude Include="..\Core\Inc\ssd1306_conf.h">
      <Filter>Source files\Core\Inc</Filter>
    </ClInclude>
    <ClInclude Include="..\Core\Inc\ssd1306_fonts.h">
      <Filter>Source files\Core\Inc</Filter>
    </ClInclude>
    <ClInclude Include="..\Core\Inc\stm32f4xx_hal_conf.h">
      <Filter>Source files\Core\Inc</Filter>
    </ClInclude>
    <ClInclude Include="..\Core\Inc\stm32f4xx_it.h">
      <Filter>Source files\Core\Inc</Filter>
    </ClInclude>
    <ClInclude Include="..\Core\Inc\sync_gps_rtc.h">
      <Filter>Source files\Core\Inc</Filter>
    </ClInclude>
    <ClCompile Include="..\Core\Src\adj_date.c">
      <Filter>Source files\Core\Src</Filter>
    </ClCompile>
    <ClCompile Include="..\Core\Src\bcd_util.c">
      <Filter>Source files\Core\Src</Filter>
    </ClCompile>
    <ClCompile Include="..\Core\Src\eeprom.c">
      <Filter>Source files\Core\Src</Filter>
    </ClCompile>
    <ClCompile Include="..\Core\Src\freertos.c">
      <Filter>Source files\Core\Src</Filter>
    </ClCompile>
    <ClCompile Include="..\Core\Src\i2c_wrapper.c">
      <Filter>Source files\Core\Src</Filter>
    </ClCompile>
    <ClCompile Include="..\Core\Src\main.c">
      <Filter>Source files\Core\Src</Filter>
    </ClCompile>
    <ClCompile Include="..\Core\Src\misc.c">
      <Filter>Source files\Core\Src</Filter>
    </ClCompile>
    <ClCompile Include="..\Core\Src\nmea.c">
      <Filter>Source files\Core\Src</Filter>
    </ClCompile>
    <ClCompile Include="..\Core\Src\pcf8563.c">
      <Filter>Source files\Core\Src</Filter>
    </ClCompile>
    <ClCompile Include="..\Core\Src\ring_buffer.c">
      <Filter>Source files\Core\Src</Filter>
    </ClCompile>
    <ClCompile Include="..\Core\Src\rtc_sync.c">
      <Filter>Source files\Core\Src</Filter>
    </ClCompile>
    <ClCompile Include="..\Core\Src\seven_segment.c">
      <Filter>Source files\Core\Src</Filter>
    </ClCompile>
    <ClCompile Include="..\Core\Src\splash.c">
      <Filter>Source files\Core\Src</Filter>
    </ClCompile>
    <ClCompile Include="..\Core\Src\ssd1306.c">
      <Filter>Source files\Core\Src</Filter>
    </ClCompile>
    <ClCompile Include="..\Core\Src\ssd1306_fonts.c">
      <Filter>Source files\Core\Src</Filter>
    </ClCompile>
    <ClCompile Include="..\Core\Src\stm32f4xx_hal_msp.c">
      <Filter>Source files\Core\Src</Filter>
    </ClCompile>
    <ClCompile Include="..\Core\Src\stm32f4xx_hal_timebase_tim.c">
      <Filter>Source files\Core\Src</Filter>
    </ClCompile>
    <ClCompile Include="..\Core\Src\stm32f4xx_it.c">
      <Filter>Source files\Core\Src</Filter>
    </ClCompile>
    <ClCompile Include="..\Core\Src\sync_gps_rtc.c">
      <Filter>Source files\Core\Src</Filter>
    </ClCompile>
    <ClCompile Include="..\Core\Src\syscalls.c">
      <Filter>Source files\Core\Src</Filter>
    </ClCompile>
    <ClCompile Include="..\Core\Src\sysmem.c">
      <Filter>Source files\Core\Src</Filter>
    </ClCompile>
    <ClCompile Include="..\Core\Src\system_stm32f4xx.c">
      <Filter>Source files\Core\Src</Filter>
    </ClCompile>
    <ClCompile Include="..\Core\Startup\startup_stm32f401rctx.s">
      <Filter>Source files\Core\Startup</Filter>
    </ClCompile>
    <ClInclude Include="..\Middlewares\ST\STM32_USB_Device_Library\Class\CDC\Inc\usbd_cdc.h">
      <Filter>Source files\Middlewares\ST\STM32_USB_Device_Library\Class\CDC\Inc</Filter>
    </ClInclude>
    <ClCompile Include="..\Middlewares\ST\STM32_USB_Device_Library\Class\CDC\Src\usbd_cdc.c">
      <Filter>Source files\Middlewares\ST\STM32_USB_Device_Library\Class\CDC\Src</Filter>
    </ClCompile>
    <ClInclude Include="..\Middlewares\ST\STM32_USB_Device_Library\Core\Inc\usbd_core.h">
      <Filter>Source files\Middlewares\ST\STM32_USB_Device_Library\Core\Inc</Filter>
    </ClInclude>
    <ClInclude Include="..\Middlewares\ST\STM32_USB_Device_Library\Core\Inc\usbd_ctlreq.h">
      <Filter>Source files\Middlewares\ST\STM32_USB_Device_Library\Core\Inc</Filter>
    </ClInclude>
    <ClInclude Include="..\Middlewares\ST\STM32_USB_Device_Library\Core\Inc\usbd_def.h">
      <Filter>Source files\Middlewares\ST\STM32_USB_Device_Library\Core\Inc</Filter>
    </ClInclude>
    <ClInclude Include="..\Middlewares\ST\STM32_USB_Device_Library\Core\Inc\usbd_ioreq.h">
      <Filter>Source files\Middlewares\ST\STM32_USB_Device_Library\Core\Inc</Filter>
    </ClInclude>
    <ClCompile Include="..\Middlewares\ST\STM32_USB_Device_Library\Core\Src\usbd_core.c">
      <Filter>Source files\Middlewares\ST\STM32_USB_Device_Library\Core\Src</Filter>
    </ClCompile>
    <ClCompile Include="..\Middlewares\ST\STM32_USB_Device_Library\Core\Src\usbd_ctlreq.c">
      <Filter>Source files\Middlewares\ST\STM32_USB_Device_Library\Core\Src</Filter>
    </ClCompile>
    <ClCompile Include="..\Middlewares\ST\STM32_USB_Device_Library\Core\Src\usbd_ioreq.c">
      <Filter>Source files\Middlewares\ST\STM32_USB_Device_Library\Core\Src</Filter>
    </ClCompile>
    <ClCompile Include="..\Middlewares\Third_Party\FreeRTOS\Source\croutine.c">
      <Filter>Source files\Middlewares\Third_Party\FreeRTOS\Source</Filter>
    </ClCompile>
    <ClCompile Include="..\Middlewares\Third_Party\FreeRTOS\Source\event_groups.c">
      <Filter>Source files\Middlewares\Third_Party\FreeRTOS\Source</Filter>
    </ClCompile>
    <ClCompile Include="..\Middlewares\Third_Party\FreeRTOS\Source\list.c">
      <Filter>Source files\Middlewares\Third_Party\FreeRTOS\Source</Filter>
    </ClCompile>
    <ClCompile Include="..\Middlewares\Third_Party\FreeRTOS\Source\queue.c">
      <Filter>Source files\Middlewares\Third_Party\FreeRTOS\Source</Filter>
    </ClCompile>
    <ClCompile Include="..\Middlewares\Third_Party\FreeRTOS\Source\stream_buffer.c">
      <Filter>Source files\Middlewares\Third_Party\FreeRTOS\Source</Filter>
    </ClCompile>
    <ClCompile Include="..\Middlewares\Third_Party\FreeRTOS\Source\tasks.c">
      <Filter>Source files\Middlewares\Third_Party\FreeRTOS\Source</Filter>
    </ClCompile>
    <ClCompile Include="..\Middlewares\Third_Party\FreeRTOS\Source\timers.c">
      <Filter>Source files\Middlewares\Third_Party\FreeRTOS\Source</Filter>
    </ClCompile>
    <ClInclude Include="..\Middlewares\Third_Party\FreeRTOS\Source\CMSIS_RTOS_V2\cmsis_os.h">
      <Filter>Source files\Middlewares\Third_Party\FreeRTOS\Source\CMSIS_RTOS_V2</Filter>
    </ClInclude>
    <ClCompile Include="..\Middlewares\Third_Party\FreeRTOS\Source\CMSIS_RTOS_V2\cmsis_os2.c">
      <Filter>Source files\Middlewares\Third_Party\FreeRTOS\Source\CMSIS_RTOS_V2</Filter>
    </ClCompile>
    <ClInclude Include="..\Middlewares\Third_Party\FreeRTOS\Source\CMSIS_RTOS_V2\cmsis_os2.h">
      <Filter>Source files\Middlewares\Third_Party\FreeRTOS\Source\CMSIS_RTOS_V2</Filter>
    </ClInclude>
    <ClInclude Include="..\Middlewares\Third_Party\FreeRTOS\Source\CMSIS_RTOS_V2\freertos_mpool.h">
      <Filter>Source files\Middlewares\Third_Party\FreeRTOS\Source\CMSIS_RTOS_V2</Filter>
    </ClInclude>
    <ClInclude Include="..\Middlewares\Third_Party\FreeRTOS\Source\CMSIS_RTOS_V2\freertos_os2.h">
      <Filter>Source files\Middlewares\Third_Party\FreeRTOS\Source\CMSIS_RTOS_V2</Filter>
    </ClInclude>
    <ClInclude Include="..\Middlewares\Third_Party\FreeRTOS\Source\include\atomic.h">
      <Filter>Source files\Middlewares\Third_Party\FreeRTOS\Source\include</Filter>
    </ClInclude>
    <ClInclude Include="..\Middlewares\Third_Party\FreeRTOS\Source\include\croutine.h">
      <Filter>Source files\Middlewares\Third_Party\FreeRTOS\Source\include</Filter>
    </ClInclude>
    <ClInclude Include="..\Middlewares\Third_Party\FreeRTOS\Source\include\deprecated_definitions.h">
      <Filter>Source files\Middlewares\Third_Party\FreeRTOS\Source\include</Filter>
    </ClInclude>
    <ClInclude Include="..\Middlewares\Third_Party\FreeRTOS\Source\include\event_groups.h">
      <Filter>Source files\Middlewares\Third_Party\FreeRTOS\Source\include</Filter>
    </ClInclude>
    <ClInclude Include="..\Middlewares\Third_Party\FreeRTOS\Source\include\FreeRTOS.h">
      <Filter>Source files\Middlewares\Third_Party\FreeRTOS\Source\include</Filter>
    </ClInclude>
    <ClInclude Include="..\Middlewares\Third_Party\FreeRTOS\Source\include\list.h">
      <Filter>Source files\Middlewares\Third_Party\FreeRTOS\Source\include</Filter>
    </ClInclude>
    <ClInclude Include="..\Middlewares\Third_Party\FreeRTOS\Source\include\message_buffer.h">
      <Filter>Source files\Middlewares\Third_Party\FreeRTOS\Source\include</Filter>
    </ClInclude>
    <ClInclude Include="..\Middlewares\Third_Party\FreeRTOS\Source\include\mpu_prototypes.h">
      <Filter>Source files\Middlewares\Third_Party\FreeRTOS\Source\include</Filter>
    </ClInclude>
    <ClInclude Include="..\Middlewares\Third_Party\FreeRTOS\Source\include\mpu_wrappers.h">
      <Filter>Source files\Middlewares\Third_Party\FreeRTOS\Source\include</Filter>
    </ClInclude>
    <ClInclude Include="..\Middlewares\Third_Party\FreeRTOS\Source\include\portable.h">
      <Filter>Source files\Middlewares\Third_Party\FreeRTOS\Source\include</Filter>
    </ClInclude>
    <ClInclude Include="..\Middlewares\Third_Party\FreeRTOS\Source\include\projdefs.h">
      <Filter>Source files\Middlewares\Third_Party\FreeRTOS\Source\include</Filter>
    </ClInclude>
    <ClInclude Include="..\Middlewares\Third_Party\FreeRTOS\Source\include\queue.h">
      <Filter>Source files\Middlewares\Third_Party\FreeRTOS\Source\include</Filter>
    </ClInclude>
    <ClInclude Include="..\Middlewares\Third_Party\FreeRTOS\Source\include\semphr.h">
      <Filter>Source files\Middlewares\Third_Party\FreeRTOS\Source\include</Filter>
    </ClInclude>
    <ClInclude Include="..\Middlewares\Third_Party\FreeRTOS\Source\include\StackMacros.h">
      <Filter>Source files\Middlewares\Third_Party\FreeRTOS\Source\include</Filter>
    </ClInclude>
    <ClInclude Include="..\Middlewares\Third_Party\FreeRTOS\Source\include\stack_macros.h">
      <Filter>Source files\Middlewares\Third_Party\FreeRTOS\Source\include</Filter>
    </ClInclude>
    <ClInclude Include="..\Middlewares\Third_Party\FreeRTOS\Source\include\stream_buffer.h">
      <Filter>Source files\Middlewares\Third_Party\FreeRTOS\Source\include</Filter>
    </ClInclude>
    <ClInclude Include="..\Middlewares\Third_Party\FreeRTOS\Source\include\task.h">
      <Filter>Source files\Middlewares\Third_Party\FreeRTOS\Source\include</Filter>
    </ClInclude>
    <ClInclude Include="..\Middlewares\Third_Party\FreeRTOS\Source\include\timers.h">
      <Filter>Source files\Middlewares\Third_Party\FreeRTOS\Source\include</Filter>
    </ClInclude>
    <ClCompile Include="..\Middlewares\Third_Party\FreeRTOS\Source\portable\GCC\ARM_CM4F\port.c">
      <Filter>Source files\Middlewares\Third_Party\FreeRTOS\Source\portable\GCC\ARM_CM4F</Filter>
    </ClCompile>
    <ClInclude Include="..\Middlewares\Third_Party\FreeRTOS\Source\portable\GCC\ARM_CM4F\portmacro.h">
      <Filter>Source files\Middlewares\Third_Party\FreeRTOS\Source\portable\GCC\ARM_CM4F</Filter>
    </ClInclude>
    <ClCompile Include="..\Middlewares\Third_Party\FreeRTOS\Source\portable\MemMang\heap_4.c">
      <Filter>Source files\Middlewares\Third_Party\FreeRTOS\Source\portable\MemMang</Filter>
    </ClCompile>
    <ClInclude Include="..\Drivers\CMSIS\Device\ST\STM32F4xx\Include\stm32f401xc.h">
      <Filter>Source files\Drivers\CMSIS\Device\ST\STM32F4xx\Include</Filter>
    </ClInclude>
    <ClInclude Include="..\Drivers\CMSIS\Device\ST\STM32F4xx\Include\stm32f4xx.h">
      <Filter>Source files\Drivers\CMSIS\Device\ST\STM32F4xx\Include</Filter>
    </ClInclude>
    <ClInclude Include="..\Drivers\CMSIS\Device\ST\STM32F4xx\Include\system_stm32f4xx.h">
      <Filter>Source files\Drivers\CMSIS\Device\ST\STM32F4xx\Include</Filter>
    </ClInclude>
    <ClInclude Include="..\Drivers\CMSIS\Include\cmsis_armcc.h">
      <Filter>Source files\Drivers\CMSIS\Include</Filter>
    </ClInclude>
    <ClInclude Include="..\Drivers\CMSIS\Include\cmsis_armclang.h">
      <Filter>Source files\Drivers\CMSIS\Include</Filter>
    </ClInclude>
    <ClInclude Include="..\Drivers\CMSIS\Include\cmsis_compiler.h">
      <Filter>Source files\Drivers\CMSIS\Include</Filter>
    </ClInclude>
    <ClInclude Include="..\Drivers\CMSIS\Include\cmsis_gcc.h">
      <Filter>Source files\Drivers\CMSIS\Include</Filter>
    </ClInclude>
    <ClInclude Include="..\Drivers\CMSIS\Include\cmsis_iccarm.h">
      <Filter>Source files\Drivers\CMSIS\Include</Filter>
    </ClInclude>
    <ClInclude Include="..\Drivers\CMSIS\Include\cmsis_version.h">
      <Filter>Source files\Drivers\CMSIS\Include</Filter>
    </ClInclude>
    <ClInclude Include="..\Drivers\CMSIS\Include\core_armv8mbl.h">
      <Filter>Source files\Drivers\CMSIS\Include</Filter>
    </ClInclude>
    <ClInclude Include="..\Drivers\CMSIS\Include\core_armv8mml.h">
      <Filter>Source files\Drivers\CMSIS\Include</Filter>
    </ClInclude>
    <ClInclude Include="..\Drivers\CMSIS\Include\core_cm0.h">
      <Filter>Source files\Drivers\CMSIS\Include</Filter>
    </ClInclude>
    <ClInclude Include="..\Drivers\CMSIS\Include\core_cm0plus.h">
      <Filter>Source files\Drivers\CMSIS\Include</Filter>
    </ClInclude>
    <ClInclude Include="..\Drivers\CMSIS\Include\core_cm1.h">
      <Filter>Source files\Drivers\CMSIS\Include</Filter>
    </ClInclude>
    <ClInclude Include="..\Drivers\CMSIS\Include\core_cm23.h">
      <Filter>Source files\Drivers\CMSIS\Include</Filter>
    </ClInclude>
    <ClInclude Include="..\Drivers\CMSIS\Include\core_cm3.h">
      <Filter>Source files\Drivers\CMSIS\Include</Filter>
    </ClInclude>
    <ClInclude Include="..\Drivers\CMSIS\Include\core_cm33.h">
      <Filter>Source files\Drivers\CMSIS\Include</Filter>
    </ClInclude>
    <ClInclude Include="..\Drivers\CMSIS\Include\core_cm4.h">
      <Filter>Source files\Drivers\CMSIS\Include</Filter>
    </ClInclude>
    <ClInclude Include="..\Drivers\CMSIS\Include\core_cm7.h">
      <Filter>Source files\Drivers\CMSIS\Include</Filter>
    </ClInclude>
    <ClInclude Include="..\Drivers\CMSIS\Include\core_sc000.h">
      <Filter>Source files\Drivers\CMSIS\Include</Filter>
    </ClInclude>
    <ClInclude Include="..\Drivers\CMSIS\Include\core_sc300.h">
      <Filter>Source files\Drivers\CMSIS\Include</Filter>
    </ClInclude>
    <ClInclude Include="..\Drivers\CMSIS\Include\mpu_armv7.h">
      <Filter>Source files\Drivers\CMSIS\Include</Filter>
    </ClInclude>
    <ClInclude Include="..\Drivers\CMSIS\Include\mpu_armv8.h">
      <Filter>Source files\Drivers\CMSIS\Include</Filter>
    </ClInclude>
    <ClInclude Include="..\Drivers\CMSIS\Include\tz_context.h">
      <Filter>Source files\Drivers\CMSIS\Include</Filter>
    </ClInclude>
    <ClInclude Include="..\Drivers\STM32F4xx_HAL_Driver\Inc\stm32f4xx_hal.h">
      <Filter>Source files\Drivers\STM32F4xx_HAL_Driver\Inc</Filter>
    </ClInclude>
    <ClInclude Include="..\Drivers\STM32F4xx_HAL_Driver\Inc\stm32f4xx_hal_cortex.h">
      <Filter>Source files\Drivers\STM32F4xx_HAL_Driver\Inc</Filter>
    </ClInclude>
    <ClInclude Include="..\Drivers\STM32F4xx_HAL_Driver\Inc\stm32f4xx_hal_def.h">
      <Filter>Source files\Drivers\STM32F4xx_HAL_Driver\Inc</Filter>
    </ClInclude>
    <ClInclude Include="..\Drivers\STM32F4xx_HAL_Driver\Inc\stm32f4xx_hal_dma.h">
      <Filter>Source files\Drivers\STM32F4xx_HAL_Driver\Inc</Filter>
    </ClInclude>
    <ClInclude Include="..\Drivers\STM32F4xx_HAL_Driver\Inc\stm32f4xx_hal_dma_ex.h">
      <Filter>Source files\Drivers\STM32F4xx_HAL_Driver\Inc</Filter>
    </ClInclude>
    <ClInclude Include="..\Drivers\STM32F4xx_HAL_Driver\Inc\stm32f4xx_hal_exti.h">
      <Filter>Source files\Drivers\STM32F4xx_HAL_Driver\Inc</Filter>
    </ClInclude>
    <ClInclude Include="..\Drivers\STM32F4xx_HAL_Driver\Inc\stm32f4xx_hal_flash.h">
      <Filter>Source files\Drivers\STM32F4xx_HAL_Driver\Inc</Filter>
    </ClInclude>
    <ClInclude Include="..\Drivers\STM32F4xx_HAL_Driver\Inc\stm32f4xx_hal_flash_ex.h">
      <Filter>Source files\Drivers\STM32F4xx_HAL_Driver\Inc</Filter>
    </ClInclude>
    <ClInclude Include="..\Drivers\STM32F4xx_HAL_Driver\Inc\stm32f4xx_hal_flash_ramfunc.h">
      <Filter>Source files\Drivers\STM32F4xx_HAL_Driver\Inc</Filter>
    </ClInclude>
    <ClInclude Include="..\Drivers\STM32F4xx_HAL_Driver\Inc\stm32f4xx_hal_gpio.h">
      <Filter>Source files\Drivers\STM32F4xx_HAL_Driver\Inc</Filter>
    </ClInclude>
    <ClInclude Include="..\Drivers\STM32F4xx_HAL_Driver\Inc\stm32f4xx_hal_gpio_ex.h">
      <Filter>Source files\Drivers\STM32F4xx_HAL_Driver\Inc</Filter>
    </ClInclude>
    <ClInclude Include="..\Drivers\STM32F4xx_HAL_Driver\Inc\stm32f4xx_hal_i2c.h">
      <Filter>Source files\Drivers\STM32F4xx_HAL_Driver\Inc</Filter>
    </ClInclude>
    <ClInclude Include="..\Drivers\STM32F4xx_HAL_Driver\Inc\stm32f4xx_hal_i2c_ex.h">
      <Filter>Source files\Drivers\STM32F4xx_HAL_Driver\Inc</Filter>
    </ClInclude>
    <ClInclude Include="..\Drivers\STM32F4xx_HAL_Driver\Inc\stm32f4xx_hal_pcd.h">
      <Filter>Source files\Drivers\STM32F4xx_HAL_Driver\Inc</Filter>
    </ClInclude>
    <ClInclude Include="..\Drivers\STM32F4xx_HAL_Driver\Inc\stm32f4xx_hal_pcd_ex.h">
      <Filter>Source files\Drivers\STM32F4xx_HAL_Driver\Inc</Filter>
    </ClInclude>
    <ClInclude Include="..\Drivers\STM32F4xx_HAL_Driver\Inc\stm32f4xx_hal_pwr.h">
      <Filter>Source files\Drivers\STM32F4xx_HAL_Driver\Inc</Filter>
    </ClInclude>
    <ClInclude Include="..\Drivers\STM32F4xx_HAL_Driver\Inc\stm32f4xx_hal_pwr_ex.h">
      <Filter>Source files\Drivers\STM32F4xx_HAL_Driver\Inc</Filter>
    </ClInclude>
    <ClInclude Include="..\Drivers\STM32F4xx_HAL_Driver\Inc\stm32f4xx_hal_rcc.h">
      <Filter>Source files\Drivers\STM32F4xx_HAL_Driver\Inc</Filter>
    </ClInclude>
    <ClInclude Include="..\Drivers\STM32F4xx_HAL_Driver\Inc\stm32f4xx_hal_rcc_ex.h">
      <Filter>Source files\Drivers\STM32F4xx_HAL_Driver\Inc</Filter>
    </ClInclude>
    <ClInclude Include="..\Drivers\STM32F4xx_HAL_Driver\Inc\stm32f4xx_hal_rtc.h">
      <Filter>Source files\Drivers\STM32F4xx_HAL_Driver\Inc</Filter>
    </ClInclude>
    <ClInclude Include="..\Drivers\STM32F4xx_HAL_Driver\Inc\stm32f4xx_hal_rtc_ex.h">
      <Filter>Source files\Drivers\STM32F4xx_HAL_Driver\Inc</Filter>
    </ClInclude>
    <ClInclude Include="..\Drivers\STM32F4xx_HAL_Driver\Inc\stm32f4xx_hal_tim.h">
      <Filter>Source files\Drivers\STM32F4xx_HAL_Driver\Inc</Filter>
    </ClInclude>
    <ClInclude Include="..\Drivers\STM32F4xx_HAL_Driver\Inc\stm32f4xx_hal_tim_ex.h">
      <Filter>Source files\Drivers\STM32F4xx_HAL_Driver\Inc</Filter>
    </ClInclude>
    <ClInclude Include="..\Drivers\STM32F4xx_HAL_Driver\Inc\stm32f4xx_hal_uart.h">
      <Filter>Source files\Drivers\STM32F4xx_HAL_Driver\Inc</Filter>
    </ClInclude>
    <ClInclude Include="..\Drivers\STM32F4xx_HAL_Driver\Inc\stm32f4xx_ll_bus.h">
      <Filter>Source files\Drivers\STM32F4xx_HAL_Driver\Inc</Filter>
    </ClInclude>
    <ClInclude Include="..\Drivers\STM32F4xx_HAL_Driver\Inc\stm32f4xx_ll_cortex.h">
      <Filter>Source files\Drivers\STM32F4xx_HAL_Driver\Inc</Filter>
    </ClInclude>
    <ClInclude Include="..\Drivers\STM32F4xx_HAL_Driver\Inc\stm32f4xx_ll_dma.h">
      <Filter>Source files\Drivers\STM32F4xx_HAL_Driver\Inc</Filter>
    </ClInclude>
    <ClInclude Include="..\Drivers\STM32F4xx_HAL_Driver\Inc\stm32f4xx_ll_exti.h">
      <Filter>Source files\Drivers\STM32F4xx_HAL_Driver\Inc</Filter>
    </ClInclude>
    <ClInclude Include="..\Drivers\STM32F4xx_HAL_Driver\Inc\stm32f4xx_ll_gpio.h">
      <Filter>Source files\Drivers\STM32F4xx_HAL_Driver\Inc</Filter>
    </ClInclude>
    <ClInclude Include="..\Drivers\STM32F4xx_HAL_Driver\Inc\stm32f4xx_ll_i2c.h">
      <Filter>Source files\Drivers\STM32F4xx_HAL_Driver\Inc</Filter>
    </ClInclude>
    <ClInclude Include="..\Drivers\STM32F4xx_HAL_Driver\Inc\stm32f4xx_ll_pwr.h">
      <Filter>Source files\Drivers\STM32F4xx_HAL_Driver\Inc</Filter>
    </ClInclude>
    <ClInclude Include="..\Drivers\STM32F4xx_HAL_Driver\Inc\stm32f4xx_ll_rcc.h">
      <Filter>Source files\Drivers\STM32F4xx_HAL_Driver\Inc</Filter>
    </ClInclude>
    <ClInclude Include="..\Drivers\STM32F4xx_HAL_Driver\Inc\stm32f4xx_ll_rtc.h">
      <Filter>Source files\Drivers\STM32F4xx_HAL_Driver\Inc</Filter>
    </ClInclude>
    <ClInclude Include="..\Drivers\STM32F4xx_HAL_Driver\Inc\stm32f4xx_ll_system.h">
      <Filter>Source files\Drivers\STM32F4xx_HAL_Driver\Inc</Filter>
    </ClInclude>
    <ClInclude Include="..\Drivers\STM32F4xx_HAL_Driver\Inc\stm32f4xx_ll_tim.h">
      <Filter>Source files\Drivers\STM32F4xx_HAL_Driver\Inc</Filter>
    </ClInclude>
    <ClInclude Include="..\Drivers\STM32F4xx_HAL_Driver\Inc\stm32f4xx_ll_usart.h">
      <Filter>Source files\Drivers\STM32F4xx_HAL_Driver\Inc</Filter>
    </ClInclude>
    <ClInclude Include="..\Drivers\STM32F4xx_HAL_Driver\Inc\stm32f4xx_ll_usb.h">
      <Filter>Source files\Drivers\STM32F4xx_HAL_Driver\Inc</Filter>
    </ClInclude>
    <ClInclude Include="..\Drivers\STM32F4xx_HAL_Driver\Inc\stm32f4xx_ll_utils.h">
      <Filter>Source files\Drivers\STM32F4xx_HAL_Driver\Inc</Filter>
    </ClInclude>
    <ClInclude Include="..\Drivers\STM32F4xx_HAL_Driver\Inc\Legacy\stm32_hal_legacy.h">
      <Filter>Source files\Drivers\STM32F4xx_HAL_Driver\Inc\Legacy</Filter>
    </ClInclude>
    <ClCompile Include="..\Drivers\STM32F4xx_HAL_Driver\Src\stm32f4xx_hal.c">
      <Filter>Source files\Drivers\STM32F4xx_HAL_Driver\Src</Filter>
    </ClCompile>
    <ClCompile Include="..\Drivers\STM32F4xx_HAL_Driver\Src\stm32f4xx_hal_cortex.c">
      <Filter>Source files\Drivers\STM32F4xx_HAL_Driver\Src</Filter>
    </ClCompile>
    <ClCompile Include="..\Drivers\STM32F4xx_HAL_Driver\Src\stm32f4xx_hal_dma.c">
      <Filter>Source files\Drivers\STM32F4xx_HAL_Driver\Src</Filter>
    </ClCompile>
    <ClCompile Include="..\Drivers\STM32F4xx_HAL_Driver\Src\stm32f4xx_hal_dma_ex.c">
      <Filter>Source files\Drivers\STM32F4xx_HAL_Driver\Src</Filter>
    </ClCompile>
    <ClCompile Include="..\Drivers\STM32F4xx_HAL_Driver\Src\stm32f4xx_hal_exti.c">
      <Filter>Source files\Drivers\STM32F4xx_HAL_Driver\Src</Filter>
    </ClCompile>
    <ClCompile Include="..\Drivers\STM32F4xx_HAL_Driver\Src\stm32f4xx_hal_flash.c">
      <Filter>Source files\Drivers\STM32F4xx_HAL_Driver\Src</Filter>
    </ClCompile>
    <ClCompile Include="..\Drivers\STM32F4xx_HAL_Driver\Src\stm32f4xx_hal_flash_ex.c">
      <Filter>Source files\Drivers\STM32F4xx_HAL_Driver\Src</Filter>
    </ClCompile>
    <ClCompile Include="..\Drivers\STM32F4xx_HAL_Driver\Src\stm32f4xx_hal_flash_ramfunc.c">
      <Filter>Source files\Drivers\STM32F4xx_HAL_Driver\Src</Filter>
    </ClCompile>
    <ClCompile Include="..\Drivers\STM32F4xx_HAL_Driver\Src\stm32f4xx_hal_gpio.c">
      <Filter>Source files\Drivers\STM32F4xx_HAL_Driver\Src</Filter>
    </ClCompile>
    <ClCompile Include="..\Drivers\STM32F4xx_HAL_Driver\Src\stm32f4xx_hal_i2c.c">
      <Filter>Source files\Drivers\STM32F4xx_HAL_Driver\Src</Filter>
    </ClCompile>
    <ClCompile Include="..\Drivers\STM32F4xx_HAL_Driver\Src\stm32f4xx_hal_i2c_ex.c">
      <Filter>Source files\Drivers\STM32F4xx_HAL_Driver\Src</Filter>
    </ClCompile>
    <ClCompile Include="..\Drivers\STM32F4xx_HAL_Driver\Src\stm32f4xx_hal_pcd.c">
      <Filter>Source files\Drivers\STM32F4xx_HAL_Driver\Src</Filter>
    </ClCompile>
    <ClCompile Include="..\Drivers\STM32F4xx_HAL_Driver\Src\stm32f4xx_hal_pcd_ex.c">
      <Filter>Source files\Drivers\STM32F4xx_HAL_Driver\Src</Filter>
    </ClCompile>
    <ClCompile Include="..\Drivers\STM32F4xx_HAL_Driver\Src\stm32f4xx_hal_pwr.c">
      <Filter>Source files\Drivers\STM32F4xx_HAL_Driver\Src</Filter>
    </ClCompile>
    <ClCompile Include="..\Drivers\STM32F4xx_HAL_Driver\Src\stm32f4xx_hal_pwr_ex.c">
      <Filter>Source files\Drivers\STM32F4xx_HAL_Driver\Src</Filter>
    </ClCompile>
    <ClCompile Include="..\Drivers\STM32F4xx_HAL_Driver\Src\stm32f4xx_hal_rcc.c">
      <Filter>Source files\Drivers\STM32F4xx_HAL_Driver\Src</Filter>
    </ClCompile>
    <ClCompile Include="..\Drivers\STM32F4xx_HAL_Driver\Src\stm32f4xx_hal_rcc_ex.c">
      <Filter>Source files\Drivers\STM32F4xx_HAL_Driver\Src</Filter>
    </ClCompile>
    <ClCompile Include="..\Drivers\STM32F4xx_HAL_Driver\Src\stm32f4xx_hal_rtc.c">
      <Filter>Source files\Drivers\STM32F4xx_HAL_Driver\Src</Filter>
    </ClCompile>
    <ClCompile Include="..\Drivers\STM32F4xx_HAL_Driver\Src\stm32f4xx_hal_rtc_ex.c">
      <Filter>Source files\Drivers\STM32F4xx_HAL_Driver\Src</Filter>
    </ClCompile>
    <ClCompile Include="..\Drivers\STM32F4xx_HAL_Driver\Src\stm32f4xx_hal_tim.c">
      <Filter>Source files\Drivers\STM32F4xx_HAL_Driver\Src</Filter>
    </ClCompile>
    <ClCompile Include="..\Drivers\STM32F4xx_HAL_Driver\Src\stm32f4xx_hal_tim_ex.c">
      <Filter>Source files\Drivers\STM32F4xx_HAL_Driver\Src</Filter>
    </ClCompile>
    <ClCompile Include="..\Drivers\STM32F4xx_HAL_Driver\Src\stm32f4xx_hal_uart.c">
      <Filter>Source files\Drivers\STM32F4xx_HAL_Driver\Src</Filter>
    </ClCompile>
    <ClCompile Include="..\Drivers\STM32F4xx_HAL_Driver\Src\stm32f4xx_ll_usb.c">
      <Filter>Source files\Drivers\STM32F4xx_HAL_Driver\Src</Filter>
    </ClCompile>
    <ClCompile Include="..\USB_DEVICE\App\usbd_cdc_if.c">
      <Filter>Source files\USB_DEVICE\App</Filter>
    </ClCompile>
    <ClInclude Include="..\USB_DEVICE\App\usbd_cdc_if.h">
      <Filter>Source files\USB_DEVICE\App</Filter>
    </ClInclude>
    <ClCompile Include="..\USB_DEVICE\App\usbd_desc.c">
      <Filter>Source files\USB_DEVICE\App</Filter>
    </ClCompile>
    <ClInclude Include="..\USB_DEVICE\App\usbd_desc.h">
      <Filter>Source files\USB_DEVICE\App</Filter>
    </ClInclude>
    <ClCompile Include="..\USB_DEVICE\App\usb_device.c">
      <Filter>Source files\USB_DEVICE\App</Filter>
    </ClCompile>
    <ClInclude Include="..\USB_DEVICE\App\usb_device.h">
      <Filter>Source files\USB_DEVICE\App</Filter>
    </ClInclude>
    <ClCompile Include="..\USB_DEVICE\Target\usbd_conf.c">
      <Filter>Source files\USB_DEVICE\Target</Filter>
    </ClCompile>
    <ClInclude Include="..\USB_DEVICE\Target\usbd_conf.h">
      <Filter>Source files\USB_DEVICE\Target</Filter>
    </ClInclude>
    <None Include="stm32.props">
      <Filter>Source files\Device-specific files</Filter>
    </None>
    <None Include="ST32F401-seven-segment-controller-Debug.vgdbsettings">
      <Filter>VisualGDB settings</Filter>
    </None>
    <None Include="ST32F401-seven-segment-controller-Release.vgdbsettings">
      <Filter>VisualGDB settings</Filter>
    </None>
    <None Include="stm32.xml">
      <Filter>VisualGDB settings</Filter>
    </None>
  </ItemGroup>
</Project>